
Microsoft Visual Studio Solution File, Format Version 12.00
Project("{FAE04EC0-301F-11D3-BF4B-00C04F79EFBC}") = "gpr", "src\gpr\gpr.csproj", "{8C72C1EC-CECD-435A-8F7F-4CF733374A97}"
EndProject
Project("{2150E333-8FDC-42A3-9474-1A3956D46DE8}") = ".husky", ".husky", "{89C614B6-0055-4558-946B-4945D91AF5AF}"
	ProjectSection(SolutionItems) = preProject
		.husky\task-runner.json = .husky\task-runner.json
	EndProjectSection
EndProject
Global
	GlobalSection(SolutionConfigurationPlatforms) = preSolution
		Debug|Any CPU = Debug|Any CPU
		Release|Any CPU = Release|Any CPU
	EndGlobalSection
	GlobalSection(ProjectConfigurationPlatforms) = postSolution
		{8C72C1EC-CECD-435A-8F7F-4CF733374A97}.Debug|Any CPU.ActiveCfg = Debug|Any CPU
		{8C72C1EC-CECD-435A-8F7F-4CF733374A97}.Debug|Any CPU.Build.0 = Debug|Any CPU
		{8C72C1EC-CECD-435A-8F7F-4CF733374A97}.Release|Any CPU.ActiveCfg = Release|Any CPU
		{8C72C1EC-CECD-435A-8F7F-4CF733374A97}.Release|Any CPU.Build.0 = Release|Any CPU
	EndGlobalSection
EndGlobal
